// !$*UTF8*$!
{
	archiveVersion = 1;
	classes = {
	};
	objectVersion = 46;
	objects = {

/* Begin PBXBuildFile section */
		6194FEEB44C6447702526E57 /* Pods_ios_charts.framework in Frameworks */ = {isa = PBXBuildFile; fileRef = BFFC6536600E9E8D435BE210 /* Pods_ios_charts.framework */; };
		86B549311DEEDA8200D3FB94 /* AppDelegate.swift in Sources */ = {isa = PBXBuildFile; fileRef = 86B549301DEEDA8200D3FB94 /* AppDelegate.swift */; };
		86B549331DEEDA8200D3FB94 /* ViewController.swift in Sources */ = {isa = PBXBuildFile; fileRef = 86B549321DEEDA8200D3FB94 /* ViewController.swift */; };
		86B549361DEEDA8200D3FB94 /* Main.storyboard in Resources */ = {isa = PBXBuildFile; fileRef = 86B549341DEEDA8200D3FB94 /* Main.storyboard */; };
		86B549381DEEDA8200D3FB94 /* Assets.xcassets in Resources */ = {isa = PBXBuildFile; fileRef = 86B549371DEEDA8200D3FB94 /* Assets.xcassets */; };
		86B5493B1DEEDA8200D3FB94 /* LaunchScreen.storyboard in Resources */ = {isa = PBXBuildFile; fileRef = 86B549391DEEDA8200D3FB94 /* LaunchScreen.storyboard */; };
		86D5BD851DF456A5000646DA /* LoginViewController.swift in Sources */ = {isa = PBXBuildFile; fileRef = 86D5BD841DF456A5000646DA /* LoginViewController.swift */; };
		86D5BD871DF45839000646DA /* TwitterAPI.swift in Sources */ = {isa = PBXBuildFile; fileRef = 86D5BD861DF45839000646DA /* TwitterAPI.swift */; };
/* End PBXBuildFile section */

/* Begin PBXFileReference section */
		7CA402530FE026DCDE9FC587 /* Pods-ios-charts.release.xcconfig */ = {isa = PBXFileReference; includeInIndex = 1; lastKnownFileType = text.xcconfig; name = "Pods-ios-charts.release.xcconfig"; path = "Pods/Target Support Files/Pods-ios-charts/Pods-ios-charts.release.xcconfig"; sourceTree = "<group>"; };
		86B5492D1DEEDA8200D3FB94 /* ios-charts.app */ = {isa = PBXFileReference; explicitFileType = wrapper.application; includeInIndex = 0; path = "ios-charts.app"; sourceTree = BUILT_PRODUCTS_DIR; };
		86B549301DEEDA8200D3FB94 /* AppDelegate.swift */ = {isa = PBXFileReference; lastKnownFileType = sourcecode.swift; path = AppDelegate.swift; sourceTree = "<group>"; };
		86B549321DEEDA8200D3FB94 /* ViewController.swift */ = {isa = PBXFileReference; lastKnownFileType = sourcecode.swift; path = ViewController.swift; sourceTree = "<group>"; };
		86B549351DEEDA8200D3FB94 /* Base */ = {isa = PBXFileReference; lastKnownFileType = file.storyboard; name = Base; path = Base.lproj/Main.storyboard; sourceTree = "<group>"; };
		86B549371DEEDA8200D3FB94 /* Assets.xcassets */ = {isa = PBXFileReference; lastKnownFileType = folder.assetcatalog; path = Assets.xcassets; sourceTree = "<group>"; };
		86B5493A1DEEDA8200D3FB94 /* Base */ = {isa = PBXFileReference; lastKnownFileType = file.storyboard; name = Base; path = Base.lproj/LaunchScreen.storyboard; sourceTree = "<group>"; };
		86B5493C1DEEDA8200D3FB94 /* Info.plist */ = {isa = PBXFileReference; lastKnownFileType = text.plist.xml; path = Info.plist; sourceTree = "<group>"; };
		86D5BD841DF456A5000646DA /* LoginViewController.swift */ = {isa = PBXFileReference; fileEncoding = 4; lastKnownFileType = sourcecode.swift; path = LoginViewController.swift; sourceTree = "<group>"; };
		86D5BD861DF45839000646DA /* TwitterAPI.swift */ = {isa = PBXFileReference; fileEncoding = 4; lastKnownFileType = sourcecode.swift; path = TwitterAPI.swift; sourceTree = "<group>"; };
		86F3EAD80FE5C2D1E3756958 /* Pods-ios-charts.debug.xcconfig */ = {isa = PBXFileReference; includeInIndex = 1; lastKnownFileType = text.xcconfig; name = "Pods-ios-charts.debug.xcconfig"; path = "Pods/Target Support Files/Pods-ios-charts/Pods-ios-charts.debug.xcconfig"; sourceTree = "<group>"; };
		BFFC6536600E9E8D435BE210 /* Pods_ios_charts.framework */ = {isa = PBXFileReference; explicitFileType = wrapper.framework; includeInIndex = 0; path = Pods_ios_charts.framework; sourceTree = BUILT_PRODUCTS_DIR; };
/* End PBXFileReference section */

/* Begin PBXFrameworksBuildPhase section */
		86B5492A1DEEDA8200D3FB94 /* Frameworks */ = {
			isa = PBXFrameworksBuildPhase;
			buildActionMask = 2147483647;
			files = (
				6194FEEB44C6447702526E57 /* Pods_ios_charts.framework in Frameworks */,
			);
			runOnlyForDeploymentPostprocessing = 0;
		};
/* End PBXFrameworksBuildPhase section */

/* Begin PBXGroup section */
		86B549241DEEDA8200D3FB94 = {
			isa = PBXGroup;
			children = (
				86B5492F1DEEDA8200D3FB94 /* ios-charts */,
				86B5492E1DEEDA8200D3FB94 /* Products */,
				D524E8405ED44A226887ED27 /* Pods */,
				CF1AF4F4F3D26E42F2B6B28C /* Frameworks */,
			);
			sourceTree = "<group>";
		};
		86B5492E1DEEDA8200D3FB94 /* Products */ = {
			isa = PBXGroup;
			children = (
				86B5492D1DEEDA8200D3FB94 /* ios-charts.app */,
			);
			name = Products;
			sourceTree = "<group>";
		};
		86B5492F1DEEDA8200D3FB94 /* ios-charts */ = {
			isa = PBXGroup;
			children = (
				86B549301DEEDA8200D3FB94 /* AppDelegate.swift */,
				86B549321DEEDA8200D3FB94 /* ViewController.swift */,
				86B549341DEEDA8200D3FB94 /* Main.storyboard */,
				86B549371DEEDA8200D3FB94 /* Assets.xcassets */,
				86B549391DEEDA8200D3FB94 /* LaunchScreen.storyboard */,
				86B5493C1DEEDA8200D3FB94 /* Info.plist */,
				86D5BD841DF456A5000646DA /* LoginViewController.swift */,
				86D5BD861DF45839000646DA /* TwitterAPI.swift */,
			);
			path = "ios-charts";
			sourceTree = "<group>";
		};
		CF1AF4F4F3D26E42F2B6B28C /* Frameworks */ = {
			isa = PBXGroup;
			children = (
				BFFC6536600E9E8D435BE210 /* Pods_ios_charts.framework */,
			);
			name = Frameworks;
			sourceTree = "<group>";
		};
		D524E8405ED44A226887ED27 /* Pods */ = {
			isa = PBXGroup;
			children = (
				86F3EAD80FE5C2D1E3756958 /* Pods-ios-charts.debug.xcconfig */,
				7CA402530FE026DCDE9FC587 /* Pods-ios-charts.release.xcconfig */,
			);
			name = Pods;
			sourceTree = "<group>";
		};
/* End PBXGroup section */

/* Begin PBXNativeTarget section */
		86B5492C1DEEDA8200D3FB94 /* ios-charts */ = {
			isa = PBXNativeTarget;
			buildConfigurationList = 86B5493F1DEEDA8200D3FB94 /* Build configuration list for PBXNativeTarget "ios-charts" */;
			buildPhases = (
				9D927600DF35EDD38707081E /* [CP] Check Pods Manifest.lock */,
				86B549291DEEDA8200D3FB94 /* Sources */,
				86B5492A1DEEDA8200D3FB94 /* Frameworks */,
				86B5492B1DEEDA8200D3FB94 /* Resources */,
				C25A88A51713A3E356E56A7F /* [CP] Embed Pods Frameworks */,
				72BC95552F46CA7871B54175 /* [CP] Copy Pods Resources */,
				05E52D751DEFDE7600B14A5D /* ShellScript */,
			);
			buildRules = (
			);
			dependencies = (
			);
			name = "ios-charts";
			productName = "ios-charts";
			productReference = 86B5492D1DEEDA8200D3FB94 /* ios-charts.app */;
			productType = "com.apple.product-type.application";
		};
/* End PBXNativeTarget section */

/* Begin PBXProject section */
		86B549251DEEDA8200D3FB94 /* Project object */ = {
			isa = PBXProject;
			attributes = {
				LastSwiftUpdateCheck = 0810;
				LastUpgradeCheck = 0810;
				ORGANIZATIONNAME = "Takuya Tsuruda";
				TargetAttributes = {
					86B5492C1DEEDA8200D3FB94 = {
						CreatedOnToolsVersion = 8.1;
						DevelopmentTeam = A8K98NAY9U;
						ProvisioningStyle = Automatic;
					};
				};
			};
			buildConfigurationList = 86B549281DEEDA8200D3FB94 /* Build configuration list for PBXProject "ios-charts" */;
			compatibilityVersion = "Xcode 3.2";
			developmentRegion = English;
			hasScannedForEncodings = 0;
			knownRegions = (
				en,
				Base,
			);
			mainGroup = 86B549241DEEDA8200D3FB94;
			productRefGroup = 86B5492E1DEEDA8200D3FB94 /* Products */;
			projectDirPath = "";
			projectRoot = "";
			targets = (
				86B5492C1DEEDA8200D3FB94 /* ios-charts */,
			);
		};
/* End PBXProject section */

/* Begin PBXResourcesBuildPhase section */
		86B5492B1DEEDA8200D3FB94 /* Resources */ = {
			isa = PBXResourcesBuildPhase;
			buildActionMask = 2147483647;
			files = (
				86B5493B1DEEDA8200D3FB94 /* LaunchScreen.storyboard in Resources */,
				86B549381DEEDA8200D3FB94 /* Assets.xcassets in Resources */,
				86B549361DEEDA8200D3FB94 /* Main.storyboard in Resources */,
			);
			runOnlyForDeploymentPostprocessing = 0;
		};
/* End PBXResourcesBuildPhase section */

/* Begin PBXShellScriptBuildPhase section */
		05E52D751DEFDE7600B14A5D /* ShellScript */ = {
			isa = PBXShellScriptBuildPhase;
			buildActionMask = 2147483647;
			files = (
			);
			inputPaths = (
			);
			outputPaths = (
			);
			runOnlyForDeploymentPostprocessing = 0;
			shellPath = /bin/sh;
			shellScript = "\"${PODS_ROOT}/Fabric/run\" 1edc8bdc414a30e7a45823b6588811a1db2228e2 68f8932a38b92f6bee3efa12643073c7cfd5c00fcadbadf862f9f0c272636f2f";
		};
		72BC95552F46CA7871B54175 /* [CP] Copy Pods Resources */ = {
			isa = PBXShellScriptBuildPhase;
			buildActionMask = 2147483647;
			files = (
			);
			inputPaths = (
			);
			name = "[CP] Copy Pods Resources";
			outputPaths = (
			);
			runOnlyForDeploymentPostprocessing = 0;
			shellPath = /bin/sh;
			shellScript = "\"${SRCROOT}/Pods/Target Support Files/Pods-ios-charts/Pods-ios-charts-resources.sh\"\n";
			showEnvVarsInLog = 0;
		};
		9D927600DF35EDD38707081E /* [CP] Check Pods Manifest.lock */ = {
			isa = PBXShellScriptBuildPhase;
			buildActionMask = 2147483647;
			files = (
			);
			inputPaths = (
			);
			name = "[CP] Check Pods Manifest.lock";
			outputPaths = (
			);
			runOnlyForDeploymentPostprocessing = 0;
			shellPath = /bin/sh;
			shellScript = "diff \"${PODS_ROOT}/../Podfile.lock\" \"${PODS_ROOT}/Manifest.lock\" > /dev/null\nif [ $? != 0 ] ; then\n    # print error to STDERR\n    echo \"error: The sandbox is not in sync with the Podfile.lock. Run 'pod install' or update your CocoaPods installation.\" >&2\n    exit 1\nfi\n";
			showEnvVarsInLog = 0;
		};
		C25A88A51713A3E356E56A7F /* [CP] Embed Pods Frameworks */ = {
			isa = PBXShellScriptBuildPhase;
			buildActionMask = 2147483647;
			files = (
			);
			inputPaths = (
			);
			name = "[CP] Embed Pods Frameworks";
			outputPaths = (
			);
			runOnlyForDeploymentPostprocessing = 0;
			shellPath = /bin/sh;
			shellScript = "\"${SRCROOT}/Pods/Target Support Files/Pods-ios-charts/Pods-ios-charts-frameworks.sh\"\n";
			showEnvVarsInLog = 0;
		};
/* End PBXShellScriptBuildPhase section */

/* Begin PBXSourcesBuildPhase section */
		86B549291DEEDA8200D3FB94 /* Sources */ = {
			isa = PBXSourcesBuildPhase;
			buildActionMask = 2147483647;
			files = (
				86D5BD871DF45839000646DA /* TwitterAPI.swift in Sources */,
				86D5BD851DF456A5000646DA /* LoginViewController.swift in Sources */,
				86B549331DEEDA8200D3FB94 /* ViewController.swift in Sources */,
				86B549311DEEDA8200D3FB94 /* AppDelegate.swift in Sources */,
			);
			runOnlyForDeploymentPostprocessing = 0;
		};
/* End PBXSourcesBuildPhase section */

/* Begin PBXVariantGroup section */
		86B549341DEEDA8200D3FB94 /* Main.storyboard */ = {
			isa = PBXVariantGroup;
			children = (
				86B549351DEEDA8200D3FB94 /* Base */,
			);
			name = Main.storyboard;
			sourceTree = "<group>";
		};
		86B549391DEEDA8200D3FB94 /* LaunchScreen.storyboard */ = {
			isa = PBXVariantGroup;
			children = (
				86B5493A1DEEDA8200D3FB94 /* Base */,
			);
			name = LaunchScreen.storyboard;
			sourceTree = "<group>";
		};
/* End PBXVariantGroup section */

/* Begin XCBuildConfiguration section */
		86B5493D1DEEDA8200D3FB94 /* Debug */ = {
			isa = XCBuildConfiguration;
			buildSettings = {
				ALWAYS_SEARCH_USER_PATHS = NO;
				CLANG_ANALYZER_NONNULL = YES;
				CLANG_CXX_LANGUAGE_STANDARD = "gnu++0x";
				CLANG_CXX_LIBRARY = "libc++";
				CLANG_ENABLE_MODULES = YES;
				CLANG_ENABLE_OBJC_ARC = YES;
				CLANG_WARN_BOOL_CONVERSION = YES;
				CLANG_WARN_CONSTANT_CONVERSION = YES;
				CLANG_WARN_DIRECT_OBJC_ISA_USAGE = YES_ERROR;
				CLANG_WARN_DOCUMENTATION_COMMENTS = YES;
				CLANG_WARN_EMPTY_BODY = YES;
				CLANG_WARN_ENUM_CONVERSION = YES;
				CLANG_WARN_INFINITE_RECURSION = YES;
				CLANG_WARN_INT_CONVERSION = YES;
				CLANG_WARN_OBJC_ROOT_CLASS = YES_ERROR;
				CLANG_WARN_SUSPICIOUS_MOVES = YES;
				CLANG_WARN_UNREACHABLE_CODE = YES;
				CLANG_WARN__DUPLICATE_METHOD_MATCH = YES;
				"CODE_SIGN_IDENTITY[sdk=iphoneos*]" = "iPhone Developer";
				COPY_PHASE_STRIP = NO;
				DEBUG_INFORMATION_FORMAT = dwarf;
				ENABLE_STRICT_OBJC_MSGSEND = YES;
				ENABLE_TESTABILITY = YES;
				GCC_C_LANGUAGE_STANDARD = gnu99;
				GCC_DYNAMIC_NO_PIC = NO;
				GCC_NO_COMMON_BLOCKS = YES;
				GCC_OPTIMIZATION_LEVEL = 0;
				GCC_PREPROCESSOR_DEFINITIONS = (
					"DEBUG=1",
					"$(inherited)",
				);
				GCC_WARN_64_TO_32_BIT_CONVERSION = YES;
				GCC_WARN_ABOUT_RETURN_TYPE = YES_ERROR;
				GCC_WARN_UNDECLARED_SELECTOR = YES;
				GCC_WARN_UNINITIALIZED_AUTOS = YES_AGGRESSIVE;
				GCC_WARN_UNUSED_FUNCTION = YES;
				GCC_WARN_UNUSED_VARIABLE = YES;
				IPHONEOS_DEPLOYMENT_TARGET = 10.1;
				MTL_ENABLE_DEBUG_INFO = YES;
				ONLY_ACTIVE_ARCH = YES;
				SDKROOT = iphoneos;
				SWIFT_ACTIVE_COMPILATION_CONDITIONS = DEBUG;
				SWIFT_OPTIMIZATION_LEVEL = "-Onone";
			};
			name = Debug;
		};
		86B5493E1DEEDA8200D3FB94 /* Release */ = {
			isa = XCBuildConfiguration;
			buildSettings = {
				ALWAYS_SEARCH_USER_PATHS = NO;
				CLANG_ANALYZER_NONNULL = YES;
				CLANG_CXX_LANGUAGE_STANDARD = "gnu++0x";
				CLANG_CXX_LIBRARY = "libc++";
				CLANG_ENABLE_MODULES = YES;
				CLANG_ENABLE_OBJC_ARC = YES;
				CLANG_WARN_BOOL_CONVERSION = YES;
				CLANG_WARN_CONSTANT_CONVERSION = YES;
				CLANG_WARN_DIRECT_OBJC_ISA_USAGE = YES_ERROR;
				CLANG_WARN_DOCUMENTATION_COMMENTS = YES;
				CLANG_WARN_EMPTY_BODY = YES;
				CLANG_WARN_ENUM_CONVERSION = YES;
				CLANG_WARN_INFINITE_RECURSION = YES;
				CLANG_WARN_INT_CONVERSION = YES;
				CLANG_WARN_OBJC_ROOT_CLASS = YES_ERROR;
				CLANG_WARN_SUSPICIOUS_MOVES = YES;
				CLANG_WARN_UNREACHABLE_CODE = YES;
				CLANG_WARN__DUPLICATE_METHOD_MATCH = YES;
				"CODE_SIGN_IDENTITY[sdk=iphoneos*]" = "iPhone Developer";
				COPY_PHASE_STRIP = NO;
				DEBUG_INFORMATION_FORMAT = "dwarf-with-dsym";
				ENABLE_NS_ASSERTIONS = NO;
				ENABLE_STRICT_OBJC_MSGSEND = YES;
				GCC_C_LANGUAGE_STANDARD = gnu99;
				GCC_NO_COMMON_BLOCKS = YES;
				GCC_WARN_64_TO_32_BIT_CONVERSION = YES;
				GCC_WARN_ABOUT_RETURN_TYPE = YES_ERROR;
				GCC_WARN_UNDECLARED_SELECTOR = YES;
				GCC_WARN_UNINITIALIZED_AUTOS = YES_AGGRESSIVE;
				GCC_WARN_UNUSED_FUNCTION = YES;
				GCC_WARN_UNUSED_VARIABLE = YES;
				IPHONEOS_DEPLOYMENT_TARGET = 10.1;
				MTL_ENABLE_DEBUG_INFO = NO;
				SDKROOT = iphoneos;
				SWIFT_OPTIMIZATION_LEVEL = "-Owholemodule";
				VALIDATE_PRODUCT = YES;
			};
			name = Release;
		};
		86B549401DEEDA8200D3FB94 /* Debug */ = {
			isa = XCBuildConfiguration;
			baseConfigurationReference = 86F3EAD80FE5C2D1E3756958 /* Pods-ios-charts.debug.xcconfig */;
			buildSettings = {
				ASSETCATALOG_COMPILER_APPICON_NAME = AppIcon;
				"CODE_SIGN_IDENTITY[sdk=iphoneos*]" = "iPhone Developer";
				DEVELOPMENT_TEAM = A8K98NAY9U;
				INFOPLIST_FILE = "ios-charts/Info.plist";
				LD_RUNPATH_SEARCH_PATHS = "$(inherited) @executable_path/Frameworks";
				PRODUCT_BUNDLE_IDENTIFIER = "com.takuya.ios-charts";
				PRODUCT_NAME = "$(TARGET_NAME)";
				SWIFT_VERSION = 3.0;
			};
			name = Debug;
		};
		86B549411DEEDA8200D3FB94 /* Release */ = {
			isa = XCBuildConfiguration;
			baseConfigurationReference = 7CA402530FE026DCDE9FC587 /* Pods-ios-charts.release.xcconfig */;
			buildSettings = {
				ASSETCATALOG_COMPILER_APPICON_NAME = AppIcon;
				"CODE_SIGN_IDENTITY[sdk=iphoneos*]" = "iPhone Developer";
				DEVELOPMENT_TEAM = A8K98NAY9U;
				INFOPLIST_FILE = "ios-charts/Info.plist";
				LD_RUNPATH_SEARCH_PATHS = "$(inherited) @executable_path/Frameworks";
				PRODUCT_BUNDLE_IDENTIFIER = "com.takuya.ios-charts";
				PRODUCT_NAME = "$(TARGET_NAME)";
				SWIFT_VERSION = 3.0;
			};
			name = Release;
		};
/* End XCBuildConfiguration section */

/* Begin XCConfigurationList section */
		86B549281DEEDA8200D3FB94 /* Build configuration list for PBXProject "ios-charts" */ = {
			isa = XCConfigurationList;
			buildConfigurations = (
				86B5493D1DEEDA8200D3FB94 /* Debug */,
				86B5493E1DEEDA8200D3FB94 /* Release */,
			);
			defaultConfigurationIsVisible = 0;
			defaultConfigurationName = Release;
		};
		86B5493F1DEEDA8200D3FB94 /* Build configuration list for PBXNativeTarget "ios-charts" */ = {
			isa = XCConfigurationList;
			buildConfigurations = (
				86B549401DEEDA8200D3FB94 /* Debug */,
				86B549411DEEDA8200D3FB94 /* Release */,
			);
			defaultConfigurationIsVisible = 0;
			defaultConfigurationName = Release;
		};
/* End XCConfigurationList section */
	};
	rootObject = 86B549251DEEDA8200D3FB94 /* Project object */;
}
